
Microsoft Visual Studio Solution File, Format Version 12.00
# Visual Studio 15
VisualStudioVersion = 15.0.28010.2046
MinimumVisualStudioVersion = 10.0.40219.1
Project("{FAE04EC0-301F-11D3-BF4B-00C04F79EFBC}") = "COMP123-S2019-Lab10-[301044130]", "COMP123-S2019-Lab10-[301044130]\COMP123-S2019-Lab10-[301044130].csproj", "{3007B769-C40C-475E-8F76-E867E7DB29CD}"
EndProject
Global
	GlobalSection(SolutionConfigurationPlatforms) = preSolution
		Debug|Any CPU = Debug|Any CPU
		Release|Any CPU = Release|Any CPU
	EndGlobalSection
	GlobalSection(ProjectConfigurationPlatforms) = postSolution
		{3007B769-C40C-475E-8F76-E867E7DB29CD}.Debug|Any CPU.ActiveCfg = Debug|Any CPU
		{3007B769-C40C-475E-8F76-E867E7DB29CD}.Debug|Any CPU.Build.0 = Debug|Any CPU
		{3007B769-C40C-475E-8F76-E867E7DB29CD}.Release|Any CPU.ActiveCfg = Release|Any CPU
		{3007B769-C40C-475E-8F76-E867E7DB29CD}.Release|Any CPU.Build.0 = Release|Any CPU
	EndGlobalSection
	GlobalSection(SolutionProperties) = preSolution
		HideSolutionNode = FALSE
	EndGlobalSection
	GlobalSection(ExtensibilityGlobals) = postSolution
		SolutionGuid = {43E0FAF9-CE4D-4FFF-AD30-AADAFDEB8641}
	EndGlobalSection
EndGlobal
